// !$*UTF8*$!
{
	archiveVersion = 1;
	classes = {
	};
	objectVersion = 56;
	objects = {

/* Begin PBXBuildFile section */
		3A70775B2B7824220041E2E7 /* businessCardApp.swift in Sources */ = {isa = PBXBuildFile; fileRef = 3A70775A2B7824220041E2E7 /* businessCardApp.swift */; };
		3A70775D2B7824220041E2E7 /* ContentView.swift in Sources */ = {isa = PBXBuildFile; fileRef = 3A70775C2B7824220041E2E7 /* ContentView.swift */; };
		3A70775F2B7824230041E2E7 /* Assets.xcassets in Resources */ = {isa = PBXBuildFile; fileRef = 3A70775E2B7824230041E2E7 /* Assets.xcassets */; };
		3A7077632B7824230041E2E7 /* Preview Assets.xcassets in Resources */ = {isa = PBXBuildFile; fileRef = 3A7077622B7824230041E2E7 /* Preview Assets.xcassets */; };
		3A70776D2B7824230041E2E7 /* businessCardTests.swift in Sources */ = {isa = PBXBuildFile; fileRef = 3A70776C2B7824230041E2E7 /* businessCardTests.swift */; };
		3A7077772B7824230041E2E7 /* businessCardUITests.swift in Sources */ = {isa = PBXBuildFile; fileRef = 3A7077762B7824230041E2E7 /* businessCardUITests.swift */; };
		3A7077792B7824230041E2E7 /* businessCardUITestsLaunchTests.swift in Sources */ = {isa = PBXBuildFile; fileRef = 3A7077782B7824230041E2E7 /* businessCardUITestsLaunchTests.swift */; };
/* End PBXBuildFile section */

/* Begin PBXContainerItemProxy section */
		3A7077692B7824230041E2E7 /* PBXContainerItemProxy */ = {
			isa = PBXContainerItemProxy;
			containerPortal = 3A70774F2B7824220041E2E7 /* Project object */;
			proxyType = 1;
			remoteGlobalIDString = 3A7077562B7824220041E2E7;
			remoteInfo = businessCard;
		};
		3A7077732B7824230041E2E7 /* PBXContainerItemProxy */ = {
			isa = PBXContainerItemProxy;
			containerPortal = 3A70774F2B7824220041E2E7 /* Project object */;
			proxyType = 1;
			remoteGlobalIDString = 3A7077562B7824220041E2E7;
			remoteInfo = businessCard;
		};
/* End PBXContainerItemProxy section */

/* Begin PBXFileReference section */
		3A7077572B7824220041E2E7 /* businessCard.app */ = {isa = PBXFileReference; explicitFileType = wrapper.application; includeInIndex = 0; path = businessCard.app; sourceTree = BUILT_PRODUCTS_DIR; };
		3A70775A2B7824220041E2E7 /* businessCardApp.swift */ = {isa = PBXFileReference; lastKnownFileType = sourcecode.swift; path = businessCardApp.swift; sourceTree = "<group>"; };
		3A70775C2B7824220041E2E7 /* ContentView.swift */ = {isa = PBXFileReference; lastKnownFileType = sourcecode.swift; path = ContentView.swift; sourceTree = "<group>"; };
		3A70775E2B7824230041E2E7 /* Assets.xcassets */ = {isa = PBXFileReference; lastKnownFileType = folder.assetcatalog; path = Assets.xcassets; sourceTree = "<group>"; };
		3A7077602B7824230041E2E7 /* businessCard.entitlements */ = {isa = PBXFileReference; lastKnownFileType = text.plist.entitlements; path = businessCard.entitlements; sourceTree = "<group>"; };
		3A7077622B7824230041E2E7 /* Preview Assets.xcassets */ = {isa = PBXFileReference; lastKnownFileType = folder.assetcatalog; path = "Preview Assets.xcassets"; sourceTree = "<group>"; };
		3A7077682B7824230041E2E7 /* businessCardTests.xctest */ = {isa = PBXFileReference; explicitFileType = wrapper.cfbundle; includeInIndex = 0; path = businessCardTests.xctest; sourceTree = BUILT_PRODUCTS_DIR; };
		3A70776C2B7824230041E2E7 /* businessCardTests.swift */ = {isa = PBXFileReference; lastKnownFileType = sourcecode.swift; path = businessCardTests.swift; sourceTree = "<group>"; };
		3A7077722B7824230041E2E7 /* businessCardUITests.xctest */ = {isa = PBXFileReference; explicitFileType = wrapper.cfbundle; includeInIndex = 0; path = businessCardUITests.xctest; sourceTree = BUILT_PRODUCTS_DIR; };
		3A7077762B7824230041E2E7 /* businessCardUITests.swift */ = {isa = PBXFileReference; lastKnownFileType = sourcecode.swift; path = businessCardUITests.swift; sourceTree = "<group>"; };
		3A7077782B7824230041E2E7 /* businessCardUITestsLaunchTests.swift */ = {isa = PBXFileReference; lastKnownFileType = sourcecode.swift; path = businessCardUITestsLaunchTests.swift; sourceTree = "<group>"; };
/* End PBXFileReference section */

/* Begin PBXFrameworksBuildPhase section */
		3A7077542B7824220041E2E7 /* Frameworks */ = {
			isa = PBXFrameworksBuildPhase;
			buildActionMask = 2147483647;
			files = (
			);
			runOnlyForDeploymentPostprocessing = 0;
		};
		3A7077652B7824230041E2E7 /* Frameworks */ = {
			isa = PBXFrameworksBuildPhase;
			buildActionMask = 2147483647;
			files = (
			);
			runOnlyForDeploymentPostprocessing = 0;
		};
		3A70776F2B7824230041E2E7 /* Frameworks */ = {
			isa = PBXFrameworksBuildPhase;
			buildActionMask = 2147483647;
			files = (
			);
			runOnlyForDeploymentPostprocessing = 0;
		};
/* End PBXFrameworksBuildPhase section */

/* Begin PBXGroup section */
		3A70774E2B7824220041E2E7 = {
			isa = PBXGroup;
			children = (
				3A7077592B7824220041E2E7 /* businessCard */,
				3A70776B2B7824230041E2E7 /* businessCardTests */,
				3A7077752B7824230041E2E7 /* businessCardUITests */,
				3A7077582B7824220041E2E7 /* Products */,
			);
			sourceTree = "<group>";
		};
		3A7077582B7824220041E2E7 /* Products */ = {
			isa = PBXGroup;
			children = (
				3A7077572B7824220041E2E7 /* businessCard.app */,
				3A7077682B7824230041E2E7 /* businessCardTests.xctest */,
				3A7077722B7824230041E2E7 /* businessCardUITests.xctest */,
			);
			name = Products;
			sourceTree = "<group>";
		};
		3A7077592B7824220041E2E7 /* businessCard */ = {
			isa = PBXGroup;
			children = (
				3A70775A2B7824220041E2E7 /* businessCardApp.swift */,
				3A70775C2B7824220041E2E7 /* ContentView.swift */,
				3A70775E2B7824230041E2E7 /* Assets.xcassets */,
				3A7077602B7824230041E2E7 /* businessCard.entitlements */,
				3A7077612B7824230041E2E7 /* Preview Content */,
			);
			path = businessCard;
			sourceTree = "<group>";
		};
		3A7077612B7824230041E2E7 /* Preview Content */ = {
			isa = PBXGroup;
			children = (
				3A7077622B7824230041E2E7 /* Preview Assets.xcassets */,
			);
			path = "Preview Content";
			sourceTree = "<group>";
		};
		3A70776B2B7824230041E2E7 /* businessCardTests */ = {
			isa = PBXGroup;
			children = (
				3A70776C2B7824230041E2E7 /* businessCardTests.swift */,
			);
			path = businessCardTests;
			sourceTree = "<group>";
		};
		3A7077752B7824230041E2E7 /* businessCardUITests */ = {
			isa = PBXGroup;
			children = (
				3A7077762B7824230041E2E7 /* businessCardUITests.swift */,
				3A7077782B7824230041E2E7 /* businessCardUITestsLaunchTests.swift */,
			);
			path = businessCardUITests;
			sourceTree = "<group>";
		};
/* End PBXGroup section */

/* Begin PBXNativeTarget section */
		3A7077562B7824220041E2E7 /* businessCard */ = {
			isa = PBXNativeTarget;
			buildConfigurationList = 3A70777C2B7824230041E2E7 /* Build configuration list for PBXNativeTarget "businessCard" */;
			buildPhases = (
				3A7077532B7824220041E2E7 /* Sources */,
				3A7077542B7824220041E2E7 /* Frameworks */,
				3A7077552B7824220041E2E7 /* Resources */,
			);
			buildRules = (
			);
			dependencies = (
			);
			name = businessCard;
			productName = businessCard;
			productReference = 3A7077572B7824220041E2E7 /* businessCard.app */;
			productType = "com.apple.product-type.application";
		};
		3A7077672B7824230041E2E7 /* businessCardTests */ = {
			isa = PBXNativeTarget;
			buildConfigurationList = 3A70777F2B7824230041E2E7 /* Build configuration list for PBXNativeTarget "businessCardTests" */;
			buildPhases = (
				3A7077642B7824230041E2E7 /* Sources */,
				3A7077652B7824230041E2E7 /* Frameworks */,
				3A7077662B7824230041E2E7 /* Resources */,
			);
			buildRules = (
			);
			dependencies = (
				3A70776A2B7824230041E2E7 /* PBXTargetDependency */,
			);
			name = businessCardTests;
			productName = businessCardTests;
			productReference = 3A7077682B7824230041E2E7 /* businessCardTests.xctest */;
			productType = "com.apple.product-type.bundle.unit-test";
		};
		3A7077712B7824230041E2E7 /* businessCardUITests */ = {
			isa = PBXNativeTarget;
			buildConfigurationList = 3A7077822B7824230041E2E7 /* Build configuration list for PBXNativeTarget "businessCardUITests" */;
			buildPhases = (
				3A70776E2B7824230041E2E7 /* Sources */,
				3A70776F2B7824230041E2E7 /* Frameworks */,
				3A7077702B7824230041E2E7 /* Resources */,
			);
			buildRules = (
			);
			dependencies = (
				3A7077742B7824230041E2E7 /* PBXTargetDependency */,
			);
			name = businessCardUITests;
			productName = businessCardUITests;
			productReference = 3A7077722B7824230041E2E7 /* businessCardUITests.xctest */;
			productType = "com.apple.product-type.bundle.ui-testing";
		};
/* End PBXNativeTarget section */

/* Begin PBXProject section */
		3A70774F2B7824220041E2E7 /* Project object */ = {
			isa = PBXProject;
			attributes = {
				BuildIndependentTargetsInParallel = 1;
				LastSwiftUpdateCheck = 1430;
				LastUpgradeCheck = 1430;
				TargetAttributes = {
					3A7077562B7824220041E2E7 = {
						CreatedOnToolsVersion = 14.3;
					};
					3A7077672B7824230041E2E7 = {
						CreatedOnToolsVersion = 14.3;
						TestTargetID = 3A7077562B7824220041E2E7;
					};
					3A7077712B7824230041E2E7 = {
						CreatedOnToolsVersion = 14.3;
						TestTargetID = 3A7077562B7824220041E2E7;
					};
				};
			};
			buildConfigurationList = 3A7077522B7824220041E2E7 /* Build configuration list for PBXProject "businessCard" */;
			compatibilityVersion = "Xcode 14.0";
			developmentRegion = en;
			hasScannedForEncodings = 0;
			knownRegions = (
				en,
				Base,
			);
			mainGroup = 3A70774E2B7824220041E2E7;
			productRefGroup = 3A7077582B7824220041E2E7 /* Products */;
			projectDirPath = "";
			projectRoot = "";
			targets = (
				3A7077562B7824220041E2E7 /* businessCard */,
				3A7077672B7824230041E2E7 /* businessCardTests */,
				3A7077712B7824230041E2E7 /* businessCardUITests */,
			);
		};
/* End PBXProject section */

/* Begin PBXResourcesBuildPhase section */
		3A7077552B7824220041E2E7 /* Resources */ = {
			isa = PBXResourcesBuildPhase;
			buildActionMask = 2147483647;
			files = (
				3A7077632B7824230041E2E7 /* Preview Assets.xcassets in Resources */,
				3A70775F2B7824230041E2E7 /* Assets.xcassets in Resources */,
			);
			runOnlyForDeploymentPostprocessing = 0;
		};
		3A7077662B7824230041E2E7 /* Resources */ = {
			isa = PBXResourcesBuildPhase;
			buildActionMask = 2147483647;
			files = (
			);
			runOnlyForDeploymentPostprocessing = 0;
		};
		3A7077702B7824230041E2E7 /* Resources */ = {
			isa = PBXResourcesBuildPhase;
			buildActionMask = 2147483647;
			files = (
			);
			runOnlyForDeploymentPostprocessing = 0;
		};
/* End PBXResourcesBuildPhase section */

/* Begin PBXSourcesBuildPhase section */
		3A7077532B7824220041E2E7 /* Sources */ = {
			isa = PBXSourcesBuildPhase;
			buildActionMask = 2147483647;
			files = (
				3A70775D2B7824220041E2E7 /* ContentView.swift in Sources */,
				3A70775B2B7824220041E2E7 /* businessCardApp.swift in Sources */,
			);
			runOnlyForDeploymentPostprocessing = 0;
		};
		3A7077642B7824230041E2E7 /* Sources */ = {
			isa = PBXSourcesBuildPhase;
			buildActionMask = 2147483647;
			files = (
				3A70776D2B7824230041E2E7 /* businessCardTests.swift in Sources */,
			);
			runOnlyForDeploymentPostprocessing = 0;
		};
		3A70776E2B7824230041E2E7 /* Sources */ = {
			isa = PBXSourcesBuildPhase;
			buildActionMask = 2147483647;
			files = (
				3A7077792B7824230041E2E7 /* businessCardUITestsLaunchTests.swift in Sources */,
				3A7077772B7824230041E2E7 /* businessCardUITests.swift in Sources */,
			);
			runOnlyForDeploymentPostprocessing = 0;
		};
/* End PBXSourcesBuildPhase section */

/* Begin PBXTargetDependency section */
		3A70776A2B7824230041E2E7 /* PBXTargetDependency */ = {
			isa = PBXTargetDependency;
			target = 3A7077562B7824220041E2E7 /* businessCard */;
			targetProxy = 3A7077692B7824230041E2E7 /* PBXContainerItemProxy */;
		};
		3A7077742B7824230041E2E7 /* PBXTargetDependency */ = {
			isa = PBXTargetDependency;
			target = 3A7077562B7824220041E2E7 /* businessCard */;
			targetProxy = 3A7077732B7824230041E2E7 /* PBXContainerItemProxy */;
		};
/* End PBXTargetDependency section */

/* Begin XCBuildConfiguration section */
		3A70777A2B7824230041E2E7 /* Debug */ = {
			isa = XCBuildConfiguration;
			buildSettings = {
				ALWAYS_SEARCH_USER_PATHS = NO;
				CLANG_ANALYZER_NONNULL = YES;
				CLANG_ANALYZER_NUMBER_OBJECT_CONVERSION = YES_AGGRESSIVE;
				CLANG_CXX_LANGUAGE_STANDARD = "gnu++20";
				CLANG_ENABLE_MODULES = YES;
				CLANG_ENABLE_OBJC_ARC = YES;
				CLANG_ENABLE_OBJC_WEAK = YES;
				CLANG_WARN_BLOCK_CAPTURE_AUTORELEASING = YES;
				CLANG_WARN_BOOL_CONVERSION = YES;
				CLANG_WARN_COMMA = YES;
				CLANG_WARN_CONSTANT_CONVERSION = YES;
				CLANG_WARN_DEPRECATED_OBJC_IMPLEMENTATIONS = YES;
				CLANG_WARN_DIRECT_OBJC_ISA_USAGE = YES_ERROR;
				CLANG_WARN_DOCUMENTATION_COMMENTS = YES;
				CLANG_WARN_EMPTY_BODY = YES;
				CLANG_WARN_ENUM_CONVERSION = YES;
				CLANG_WARN_INFINITE_RECURSION = YES;
				CLANG_WARN_INT_CONVERSION = YES;
				CLANG_WARN_NON_LITERAL_NULL_CONVERSION = YES;
				CLANG_WARN_OBJC_IMPLICIT_RETAIN_SELF = YES;
				CLANG_WARN_OBJC_LITERAL_CONVERSION = YES;
				CLANG_WARN_OBJC_ROOT_CLASS = YES_ERROR;
				CLANG_WARN_QUOTED_INCLUDE_IN_FRAMEWORK_HEADER = YES;
				CLANG_WARN_RANGE_LOOP_ANALYSIS = YES;
				CLANG_WARN_STRICT_PROTOTYPES = YES;
				CLANG_WARN_SUSPICIOUS_MOVE = YES;
				CLANG_WARN_UNGUARDED_AVAILABILITY = YES_AGGRESSIVE;
				CLANG_WARN_UNREACHABLE_CODE = YES;
				CLANG_WARN__DUPLICATE_METHOD_MATCH = YES;
				COPY_PHASE_STRIP = NO;
				DEBUG_INFORMATION_FORMAT = dwarf;
				ENABLE_STRICT_OBJC_MSGSEND = YES;
				ENABLE_TESTABILITY = YES;
				GCC_C_LANGUAGE_STANDARD = gnu11;
				GCC_DYNAMIC_NO_PIC = NO;
				GCC_NO_COMMON_BLOCKS = YES;
				GCC_OPTIMIZATION_LEVEL = 0;
				GCC_PREPROCESSOR_DEFINITIONS = (
					"DEBUG=1",
					"$(inherited)",
				);
				GCC_WARN_64_TO_32_BIT_CONVERSION = YES;
				GCC_WARN_ABOUT_RETURN_TYPE = YES_ERROR;
				GCC_WARN_UNDECLARED_SELECTOR = YES;
				GCC_WARN_UNINITIALIZED_AUTOS = YES_AGGRESSIVE;
				GCC_WARN_UNUSED_FUNCTION = YES;
				GCC_WARN_UNUSED_VARIABLE = YES;
				MTL_ENABLE_DEBUG_INFO = INCLUDE_SOURCE;
				MTL_FAST_MATH = YES;
				ONLY_ACTIVE_ARCH = YES;
				SWIFT_ACTIVE_COMPILATION_CONDITIONS = DEBUG;
				SWIFT_OPTIMIZATION_LEVEL = "-Onone";
			};
			name = Debug;
		};
		3A70777B2B7824230041E2E7 /* Release */ = {
			isa = XCBuildConfiguration;
			buildSettings = {
				ALWAYS_SEARCH_USER_PATHS = NO;
				CLANG_ANALYZER_NONNULL = YES;
				CLANG_ANALYZER_NUMBER_OBJECT_CONVERSION = YES_AGGRESSIVE;
				CLANG_CXX_LANGUAGE_STANDARD = "gnu++20";
				CLANG_ENABLE_MODULES = YES;
				CLANG_ENABLE_OBJC_ARC = YES;
				CLANG_ENABLE_OBJC_WEAK = YES;
				CLANG_WARN_BLOCK_CAPTURE_AUTORELEASING = YES;
				CLANG_WARN_BOOL_CONVERSION = YES;
				CLANG_WARN_COMMA = YES;
				CLANG_WARN_CONSTANT_CONVERSION = YES;
				CLANG_WARN_DEPRECATED_OBJC_IMPLEMENTATIONS = YES;
				CLANG_WARN_DIRECT_OBJC_ISA_USAGE = YES_ERROR;
				CLANG_WARN_DOCUMENTATION_COMMENTS = YES;
				CLANG_WARN_EMPTY_BODY = YES;
				CLANG_WARN_ENUM_CONVERSION = YES;
				CLANG_WARN_INFINITE_RECURSION = YES;
				CLANG_WARN_INT_CONVERSION = YES;
				CLANG_WARN_NON_LITERAL_NULL_CONVERSION = YES;
				CLANG_WARN_OBJC_IMPLICIT_RETAIN_SELF = YES;
				CLANG_WARN_OBJC_LITERAL_CONVERSION = YES;
				CLANG_WARN_OBJC_ROOT_CLASS = YES_ERROR;
				CLANG_WARN_QUOTED_INCLUDE_IN_FRAMEWORK_HEADER = YES;
				CLANG_WARN_RANGE_LOOP_ANALYSIS = YES;
				CLANG_WARN_STRICT_PROTOTYPES = YES;
				CLANG_WARN_SUSPICIOUS_MOVE = YES;
				CLANG_WARN_UNGUARDED_AVAILABILITY = YES_AGGRESSIVE;
				CLANG_WARN_UNREACHABLE_CODE = YES;
				CLANG_WARN__DUPLICATE_METHOD_MATCH = YES;
				COPY_PHASE_STRIP = NO;
				DEBUG_INFORMATION_FORMAT = "dwarf-with-dsym";
				ENABLE_NS_ASSERTIONS = NO;
				ENABLE_STRICT_OBJC_MSGSEND = YES;
				GCC_C_LANGUAGE_STANDARD = gnu11;
				GCC_NO_COMMON_BLOCKS = YES;
				GCC_WARN_64_TO_32_BIT_CONVERSION = YES;
				GCC_WARN_ABOUT_RETURN_TYPE = YES_ERROR;
				GCC_WARN_UNDECLARED_SELECTOR = YES;
				GCC_WARN_UNINITIALIZED_AUTOS = YES_AGGRESSIVE;
				GCC_WARN_UNUSED_FUNCTION = YES;
				GCC_WARN_UNUSED_VARIABLE = YES;
				MTL_ENABLE_DEBUG_INFO = NO;
				MTL_FAST_MATH = YES;
				SWIFT_COMPILATION_MODE = wholemodule;
				SWIFT_OPTIMIZATION_LEVEL = "-O";
			};
			name = Release;
		};
		3A70777D2B7824230041E2E7 /* Debug */ = {
			isa = XCBuildConfiguration;
			buildSettings = {
				ASSETCATALOG_COMPILER_APPICON_NAME = AppIcon;
				ASSETCATALOG_COMPILER_GLOBAL_ACCENT_COLOR_NAME = AccentColor;
				CODE_SIGN_ENTITLEMENTS = businessCard/businessCard.entitlements;
				CODE_SIGN_STYLE = Automatic;
				CURRENT_PROJECT_VERSION = 1;
				DEVELOPMENT_ASSET_PATHS = "\"businessCard/Preview Content\"";
				DEVELOPMENT_TEAM = SX32JKAL2M;
				ENABLE_HARDENED_RUNTIME = YES;
				ENABLE_PREVIEWS = YES;
				GENERATE_INFOPLIST_FILE = YES;
				"INFOPLIST_KEY_UIApplicationSceneManifest_Generation[sdk=iphoneos*]" = YES;
				"INFOPLIST_KEY_UIApplicationSceneManifest_Generation[sdk=iphonesimulator*]" = YES;
				"INFOPLIST_KEY_UIApplicationSupportsIndirectInputEvents[sdk=iphoneos*]" = YES;
				"INFOPLIST_KEY_UIApplicationSupportsIndirectInputEvents[sdk=iphonesimulator*]" = YES;
				"INFOPLIST_KEY_UILaunchScreen_Generation[sdk=iphoneos*]" = YES;
				"INFOPLIST_KEY_UILaunchScreen_Generation[sdk=iphonesimulator*]" = YES;
				"INFOPLIST_KEY_UIStatusBarStyle[sdk=iphoneos*]" = UIStatusBarStyleDefault;
				"INFOPLIST_KEY_UIStatusBarStyle[sdk=iphonesimulator*]" = UIStatusBarStyleDefault;
				INFOPLIST_KEY_UISupportedInterfaceOrientations_iPad = "UIInterfaceOrientationPortrait UIInterfaceOrientationPortraitUpsideDown UIInterfaceOrientationLandscapeLeft UIInterfaceOrientationLandscapeRight";
				INFOPLIST_KEY_UISupportedInterfaceOrientations_iPhone = "UIInterfaceOrientationPortrait UIInterfaceOrientationLandscapeLeft UIInterfaceOrientationLandscapeRight";
				IPHONEOS_DEPLOYMENT_TARGET = 16.4;
				LD_RUNPATH_SEARCH_PATHS = "@executable_path/Frameworks";
				"LD_RUNPATH_SEARCH_PATHS[sdk=macosx*]" = "@executable_path/../Frameworks";
				MACOSX_DEPLOYMENT_TARGET = 13.3;
				MARKETING_VERSION = 1.0;
				PRODUCT_BUNDLE_IDENTIFIER = com.project1.businessCard;
				PRODUCT_NAME = "$(TARGET_NAME)";
				SDKROOT = auto;
				SUPPORTED_PLATFORMS = "iphoneos iphonesimulator macosx";
				SWIFT_EMIT_LOC_STRINGS = YES;
				SWIFT_VERSION = 5.0;
				TARGETED_DEVICE_FAMILY = "1,2";
			};
			name = Debug;
		};
		3A70777E2B7824230041E2E7 /* Release */ = {
			isa = XCBuildConfiguration;
			buildSettings = {
				ASSETCATALOG_COMPILER_APPICON_NAME = AppIcon;
				ASSETCATALOG_COMPILER_GLOBAL_ACCENT_COLOR_NAME = AccentColor;
				CODE_SIGN_ENTITLEMENTS = businessCard/businessCard.entitlements;
				CODE_SIGN_STYLE = Automatic;
				CURRENT_PROJECT_VERSION = 1;
				DEVELOPMENT_ASSET_PATHS = "\"businessCard/Preview Content\"";
				DEVELOPMENT_TEAM = SX32JKAL2M;
				ENABLE_HARDENED_RUNTIME = YES;
				ENABLE_PREVIEWS = YES;
				GENERATE_INFOPLIST_FILE = YES;
				"INFOPLIST_KEY_UIApplicationSceneManifest_Generation[sdk=iphoneos*]" = YES;
				"INFOPLIST_KEY_UIApplicationSceneManifest_Generation[sdk=iphonesimulator*]" = YES;
				"INFOPLIST_KEY_UIApplicationSupportsIndirectInputEvents[sdk=iphoneos*]" = YES;
				"INFOPLIST_KEY_UIApplicationSupportsIndirectInputEvents[sdk=iphonesimulator*]" = YES;
				"INFOPLIST_KEY_UILaunchScreen_Generation[sdk=iphoneos*]" = YES;
				"INFOPLIST_KEY_UILaunchScreen_Generation[sdk=iphonesimulator*]" = YES;
				"INFOPLIST_KEY_UIStatusBarStyle[sdk=iphoneos*]" = UIStatusBarStyleDefault;
				"INFOPLIST_KEY_UIStatusBarStyle[sdk=iphonesimulator*]" = UIStatusBarStyleDefault;
				INFOPLIST_KEY_UISupportedInterfaceOrientations_iPad = "UIInterfaceOrientationPortrait UIInterfaceOrientationPortraitUpsideDown UIInterfaceOrientationLandscapeLeft UIInterfaceOrientationLandscapeRight";
				INFOPLIST_KEY_UISupportedInterfaceOrientations_iPhone = "UIInterfaceOrientationPortrait UIInterfaceOrientationLandscapeLeft UIInterfaceOrientationLandscapeRight";
				IPHONEOS_DEPLOYMENT_TARGET = 16.4;
				LD_RUNPATH_SEARCH_PATHS = "@executable_path/Frameworks";
				"LD_RUNPATH_SEARCH_PATHS[sdk=macosx*]" = "@executable_path/../Frameworks";
				MACOSX_DEPLOYMENT_TARGET = 13.3;
				MARKETING_VERSION = 1.0;
				PRODUCT_BUNDLE_IDENTIFIER = com.project1.businessCard;
				PRODUCT_NAME = "$(TARGET_NAME)";
				SDKROOT = auto;
				SUPPORTED_PLATFORMS = "iphoneos iphonesimulator macosx";
				SWIFT_EMIT_LOC_STRINGS = YES;
				SWIFT_VERSION = 5.0;
				TARGETED_DEVICE_FAMILY = "1,2";
			};
			name = Release;
		};
		3A7077802B7824230041E2E7 /* Debug */ = {
			isa = XCBuildConfiguration;
			buildSettings = {
				ALWAYS_EMBED_SWIFT_STANDARD_LIBRARIES = YES;
				BUNDLE_LOADER = "$(TEST_HOST)";
				CODE_SIGN_STYLE = Automatic;
				CURRENT_PROJECT_VERSION = 1;
				DEVELOPMENT_TEAM = SX32JKAL2M;
				GENERATE_INFOPLIST_FILE = YES;
				IPHONEOS_DEPLOYMENT_TARGET = 16.4;
				MACOSX_DEPLOYMENT_TARGET = 13.3;
				MARKETING_VERSION = 1.0;
				PRODUCT_BUNDLE_IDENTIFIER = com.project1.businessCardTests;
				PRODUCT_NAME = "$(TARGET_NAME)";
				SDKROOT = auto;
				SUPPORTED_PLATFORMS = "iphoneos iphonesimulator macosx";
				SWIFT_EMIT_LOC_STRINGS = NO;
				SWIFT_VERSION = 5.0;
				TARGETED_DEVICE_FAMILY = "1,2";
				TEST_HOST = "$(BUILT_PRODUCTS_DIR)/businessCard.app/$(BUNDLE_EXECUTABLE_FOLDER_PATH)/businessCard";
			};
			name = Debug;
		};
		3A7077812B7824230041E2E7 /* Release */ = {
			isa = XCBuildConfiguration;
			buildSettings = {
				ALWAYS_EMBED_SWIFT_STANDARD_LIBRARIES = YES;
				BUNDLE_LOADER = "$(TEST_HOST)";
				CODE_SIGN_STYLE = Automatic;
				CURRENT_PROJECT_VERSION = 1;
				DEVELOPMENT_TEAM = SX32JKAL2M;
				GENERATE_INFOPLIST_FILE = YES;
				IPHONEOS_DEPLOYMENT_TARGET = 16.4;
				MACOSX_DEPLOYMENT_TARGET = 13.3;
				MARKETING_VERSION = 1.0;
				PRODUCT_BUNDLE_IDENTIFIER = com.project1.businessCardTests;
				PRODUCT_NAME = "$(TARGET_NAME)";
				SDKROOT = auto;
				SUPPORTED_PLATFORMS = "iphoneos iphonesimulator macosx";
				SWIFT_EMIT_LOC_STRINGS = NO;
				SWIFT_VERSION = 5.0;
				TARGETED_DEVICE_FAMILY = "1,2";
				TEST_HOST = "$(BUILT_PRODUCTS_DIR)/businessCard.app/$(BUNDLE_EXECUTABLE_FOLDER_PATH)/businessCard";
			};
			name = Release;
		};
		3A7077832B7824230041E2E7 /* Debug */ = {
			isa = XCBuildConfiguration;
			buildSettings = {
				ALWAYS_EMBED_SWIFT_STANDARD_LIBRARIES = YES;
				CODE_SIGN_STYLE = Automatic;
				CURRENT_PROJECT_VERSION = 1;
				DEVELOPMENT_TEAM = SX32JKAL2M;
				GENERATE_INFOPLIST_FILE = YES;
				IPHONEOS_DEPLOYMENT_TARGET = 16.4;
				MACOSX_DEPLOYMENT_TARGET = 13.3;
				MARKETING_VERSION = 1.0;
				PRODUCT_BUNDLE_IDENTIFIER = com.project1.businessCardUITests;
				PRODUCT_NAME = "$(TARGET_NAME)";
				SDKROOT = auto;
				SUPPORTED_PLATFORMS = "iphoneos iphonesimulator macosx";
				SWIFT_EMIT_LOC_STRINGS = NO;
				SWIFT_VERSION = 5.0;
				TARGETED_DEVICE_FAMILY = "1,2";
				TEST_TARGET_NAME = businessCard;
			};
			name = Debug;
		};
		3A7077842B7824230041E2E7 /* Release */ = {
			isa = XCBuildConfiguration;
			buildSettings = {
				ALWAYS_EMBED_SWIFT_STANDARD_LIBRARIES = YES;
				CODE_SIGN_STYLE = Automatic;
				CURRENT_PROJECT_VERSION = 1;
				DEVELOPMENT_TEAM = SX32JKAL2M;
				GENERATE_INFOPLIST_FILE = YES;
				IPHONEOS_DEPLOYMENT_TARGET = 16.4;
				MACOSX_DEPLOYMENT_TARGET = 13.3;
				MARKETING_VERSION = 1.0;
				PRODUCT_BUNDLE_IDENTIFIER = com.project1.businessCardUITests;
				PRODUCT_NAME = "$(TARGET_NAME)";
				SDKROOT = auto;
				SUPPORTED_PLATFORMS = "iphoneos iphonesimulator macosx";
				SWIFT_EMIT_LOC_STRINGS = NO;
				SWIFT_VERSION = 5.0;
				TARGETED_DEVICE_FAMILY = "1,2";
				TEST_TARGET_NAME = businessCard;
			};
			name = Release;
		};
/* End XCBuildConfiguration section */

/* Begin XCConfigurationList section */
		3A7077522B7824220041E2E7 /* Build configuration list for PBXProject "businessCard" */ = {
			isa = XCConfigurationList;
			buildConfigurations = (
				3A70777A2B7824230041E2E7 /* Debug */,
				3A70777B2B7824230041E2E7 /* Release */,
			);
			defaultConfigurationIsVisible = 0;
			defaultConfigurationName = Release;
		};
		3A70777C2B7824230041E2E7 /* Build configuration list for PBXNativeTarget "businessCard" */ = {
			isa = XCConfigurationList;
			buildConfigurations = (
				3A70777D2B7824230041E2E7 /* Debug */,
				3A70777E2B7824230041E2E7 /* Release */,
			);
			defaultConfigurationIsVisible = 0;
			defaultConfigurationName = Release;
		};
		3A70777F2B7824230041E2E7 /* Build configuration list for PBXNativeTarget "businessCardTests" */ = {
			isa = XCConfigurationList;
			buildConfigurations = (
				3A7077802B7824230041E2E7 /* Debug */,
				3A7077812B7824230041E2E7 /* Release */,
			);
			defaultConfigurationIsVisible = 0;
			defaultConfigurationName = Release;
		};
		3A7077822B7824230041E2E7 /* Build configuration list for PBXNativeTarget "businessCardUITests" */ = {
			isa = XCConfigurationList;
			buildConfigurations = (
				3A7077832B7824230041E2E7 /* Debug */,
				3A7077842B7824230041E2E7 /* Release */,
			);
			defaultConfigurationIsVisible = 0;
			defaultConfigurationName = Release;
		};
/* End XCConfigurationList section */
	};
	rootObject = 3A70774F2B7824220041E2E7 /* Project object */;
}
